
Microsoft Visual Studio Solution File, Format Version 12.00
# Visual Studio Version 17
VisualStudioVersion = 17.0.32014.148
MinimumVisualStudioVersion = 10.0.40219.1
Project("{9A19103F-16F7-4668-BE54-9A1E7A4F7556}") = "MonsterCompanySim", "MonsterCompanySim\MonsterCompanySim.csproj", "{5F9F060D-DDFD-4551-AD54-AEC464142D76}"
EndProject
Project("{9A19103F-16F7-4668-BE54-9A1E7A4F7556}") = "MonsterCompanySimModel", "MonsterCompanySimModel\MonsterCompanySimModel.csproj", "{D4DCA5E4-7D47-46AA-B3DB-52E5F3DB5C3A}"
EndProject
Project("{9A19103F-16F7-4668-BE54-9A1E7A4F7556}") = "PreLP", "PreLP\PreLP.csproj", "{FC79EC05-AEE7-4B26-B631-05B168D8B039}"
EndProject
Project("{FAE04EC0-301F-11D3-BF4B-00C04F79EFBC}") = "LPModel", "LPModel\LPModel.csproj", "{89AF6566-37CD-451A-B400-E2B85E0A6F25}"
EndProject
Project("{FAE04EC0-301F-11D3-BF4B-00C04F79EFBC}") = "LP", "LP\LP.csproj", "{6400D4E2-1B1D-42DC-86E2-84B1C3B70229}"
EndProject
Project("{FAE04EC0-301F-11D3-BF4B-00C04F79EFBC}") = "SpecialSearch", "SpecialSearch\SpecialSearch.csproj", "{3D78EF3E-3F94-42AC-8017-3B9969E819EF}"
EndProject
Global
	GlobalSection(SolutionConfigurationPlatforms) = preSolution
		Debug|Any CPU = Debug|Any CPU
		Release|Any CPU = Release|Any CPU
		ReleaseWithSymbol|Any CPU = ReleaseWithSymbol|Any CPU
	EndGlobalSection
	GlobalSection(ProjectConfigurationPlatforms) = postSolution
		{5F9F060D-DDFD-4551-AD54-AEC464142D76}.Debug|Any CPU.ActiveCfg = Debug|Any CPU
		{5F9F060D-DDFD-4551-AD54-AEC464142D76}.Debug|Any CPU.Build.0 = Debug|Any CPU
		{5F9F060D-DDFD-4551-AD54-AEC464142D76}.Release|Any CPU.ActiveCfg = Release|Any CPU
		{5F9F060D-DDFD-4551-AD54-AEC464142D76}.Release|Any CPU.Build.0 = Release|Any CPU
		{5F9F060D-DDFD-4551-AD54-AEC464142D76}.ReleaseWithSymbol|Any CPU.ActiveCfg = ReleaseWithSymbol|Any CPU
		{5F9F060D-DDFD-4551-AD54-AEC464142D76}.ReleaseWithSymbol|Any CPU.Build.0 = ReleaseWithSymbol|Any CPU
		{D4DCA5E4-7D47-46AA-B3DB-52E5F3DB5C3A}.Debug|Any CPU.ActiveCfg = Debug|Any CPU
		{D4DCA5E4-7D47-46AA-B3DB-52E5F3DB5C3A}.Debug|Any CPU.Build.0 = Debug|Any CPU
		{D4DCA5E4-7D47-46AA-B3DB-52E5F3DB5C3A}.Release|Any CPU.ActiveCfg = Release|Any CPU
		{D4DCA5E4-7D47-46AA-B3DB-52E5F3DB5C3A}.Release|Any CPU.Build.0 = Release|Any CPU
		{D4DCA5E4-7D47-46AA-B3DB-52E5F3DB5C3A}.ReleaseWithSymbol|Any CPU.ActiveCfg = ReleaseWithSymbol|Any CPU
		{D4DCA5E4-7D47-46AA-B3DB-52E5F3DB5C3A}.ReleaseWithSymbol|Any CPU.Build.0 = ReleaseWithSymbol|Any CPU
		{FC79EC05-AEE7-4B26-B631-05B168D8B039}.Debug|Any CPU.ActiveCfg = Debug|Any CPU
		{FC79EC05-AEE7-4B26-B631-05B168D8B039}.Debug|Any CPU.Build.0 = Debug|Any CPU
		{FC79EC05-AEE7-4B26-B631-05B168D8B039}.Release|Any CPU.ActiveCfg = Release|Any CPU
		{FC79EC05-AEE7-4B26-B631-05B168D8B039}.Release|Any CPU.Build.0 = Release|Any CPU
		{FC79EC05-AEE7-4B26-B631-05B168D8B039}.ReleaseWithSymbol|Any CPU.ActiveCfg = Release|Any CPU
		{FC79EC05-AEE7-4B26-B631-05B168D8B039}.ReleaseWithSymbol|Any CPU.Build.0 = Release|Any CPU
		{89AF6566-37CD-451A-B400-E2B85E0A6F25}.Debug|Any CPU.ActiveCfg = Debug|Any CPU
		{89AF6566-37CD-451A-B400-E2B85E0A6F25}.Debug|Any CPU.Build.0 = Debug|Any CPU
		{89AF6566-37CD-451A-B400-E2B85E0A6F25}.Release|Any CPU.ActiveCfg = Release|Any CPU
		{89AF6566-37CD-451A-B400-E2B85E0A6F25}.Release|Any CPU.Build.0 = Release|Any CPU
		{89AF6566-37CD-451A-B400-E2B85E0A6F25}.ReleaseWithSymbol|Any CPU.ActiveCfg = Release|Any CPU
		{89AF6566-37CD-451A-B400-E2B85E0A6F25}.ReleaseWithSymbol|Any CPU.Build.0 = Release|Any CPU
		{6400D4E2-1B1D-42DC-86E2-84B1C3B70229}.Debug|Any CPU.ActiveCfg = Debug|Any CPU
		{6400D4E2-1B1D-42DC-86E2-84B1C3B70229}.Debug|Any CPU.Build.0 = Debug|Any CPU
		{6400D4E2-1B1D-42DC-86E2-84B1C3B70229}.Release|Any CPU.ActiveCfg = Release|Any CPU
		{6400D4E2-1B1D-42DC-86E2-84B1C3B70229}.Release|Any CPU.Build.0 = Release|Any CPU
		{6400D4E2-1B1D-42DC-86E2-84B1C3B70229}.ReleaseWithSymbol|Any CPU.ActiveCfg = Release|Any CPU
		{6400D4E2-1B1D-42DC-86E2-84B1C3B70229}.ReleaseWithSymbol|Any CPU.Build.0 = Release|Any CPU
		{3D78EF3E-3F94-42AC-8017-3B9969E819EF}.Debug|Any CPU.ActiveCfg = Debug|Any CPU
		{3D78EF3E-3F94-42AC-8017-3B9969E819EF}.Debug|Any CPU.Build.0 = Debug|Any CPU
		{3D78EF3E-3F94-42AC-8017-3B9969E819EF}.Release|Any CPU.ActiveCfg = Release|Any CPU
		{3D78EF3E-3F94-42AC-8017-3B9969E819EF}.Release|Any CPU.Build.0 = Release|Any CPU
		{3D78EF3E-3F94-42AC-8017-3B9969E819EF}.ReleaseWithSymbol|Any CPU.ActiveCfg = Release|Any CPU
		{3D78EF3E-3F94-42AC-8017-3B9969E819EF}.ReleaseWithSymbol|Any CPU.Build.0 = Release|Any CPU
	EndGlobalSection
	GlobalSection(SolutionProperties) = preSolution
		HideSolutionNode = FALSE
	EndGlobalSection
	GlobalSection(ExtensibilityGlobals) = postSolution
		SolutionGuid = {EEA4D34D-5A96-4083-B226-D4D2913A519C}
	EndGlobalSection
EndGlobal
